
Microsoft Visual Studio Solution File, Format Version 12.00
# Visual Studio Version 17
VisualStudioVersion = 17.0.31903.59
MinimumVisualStudioVersion = 10.0.40219.1
Project("{2150E333-8FDC-42A3-9474-1A3956D46DE8}") = "OrderManagementSystem", "OrderManagementSystem", "{B17B32BC-7269-C9D7-F62C-A1E0524737C2}"
EndProject
Project("{2150E333-8FDC-42A3-9474-1A3956D46DE8}") = "src", "src", "{D776A31B-0353-9CD7-D744-799435EC09C8}"
EndProject
Project("{2150E333-8FDC-42A3-9474-1A3956D46DE8}") = "BuildingBlocks", "BuildingBlocks", "{0C405BEF-B932-CC0A-C300-5B5D36380875}"
EndProject
Project("{FAE04EC0-301F-11D3-BF4B-00C04F79EFBC}") = "Common", "OrderManagementSystem\src\BuildingBlocks\Common\Common.csproj", "{595AF54A-CAAD-4C6E-8498-4B6D322160B5}"
EndProject
Project("{FAE04EC0-301F-11D3-BF4B-00C04F79EFBC}") = "EventBus", "OrderManagementSystem\src\BuildingBlocks\EventBus\EventBus.csproj", "{5B84A12B-E71B-4DBC-B95E-35DBDF8D0B54}"
EndProject
Project("{2150E333-8FDC-42A3-9474-1A3956D46DE8}") = "Services", "Services", "{5E65C538-1F1D-38C1-B5D1-8DE9D5578C7A}"
EndProject
Project("{2150E333-8FDC-42A3-9474-1A3956D46DE8}") = "Orders", "Orders", "{F86AFBBC-D607-3EF3-A1B0-61330C6A7F38}"
EndProject
Project("{FAE04EC0-301F-11D3-BF4B-00C04F79EFBC}") = "Orders.Api", "OrderManagementSystem\src\Services\Orders\Orders.Api\Orders.Api.csproj", "{4E55B868-398E-4B63-B291-8249509B0865}"
EndProject
Project("{FAE04EC0-301F-11D3-BF4B-00C04F79EFBC}") = "Orders.Application", "OrderManagementSystem\src\Services\Orders\Orders.Application\Orders.Application.csproj", "{BF3302DC-C10E-40D0-88A7-3C47CCBEA5FC}"
EndProject
Project("{FAE04EC0-301F-11D3-BF4B-00C04F79EFBC}") = "Orders.Domain", "OrderManagementSystem\src\Services\Orders\Orders.Domain\Orders.Domain.csproj", "{C3CA8067-B15D-4411-9528-BC071552621E}"
EndProject
Project("{FAE04EC0-301F-11D3-BF4B-00C04F79EFBC}") = "Orders.Infrastructure", "OrderManagementSystem\src\Services\Orders\Orders.Infrastructure\Orders.Infrastructure.csproj", "{EA792AE7-74F3-46CF-AF14-4830707113DA}"
EndProject
Project("{2150E333-8FDC-42A3-9474-1A3956D46DE8}") = "Vendors", "Vendors", "{074227CD-AE11-5D4C-70DC-F67EAF23863E}"
EndProject
Project("{FAE04EC0-301F-11D3-BF4B-00C04F79EFBC}") = "Vendors.Api", "OrderManagementSystem\src\Services\Vendors\Vendors.Api\Vendors.Api.csproj", "{47B3FD7A-6BA8-4ACF-8030-8A3DFFF889DA}"
EndProject
Project("{FAE04EC0-301F-11D3-BF4B-00C04F79EFBC}") = "Vendors.Application", "OrderManagementSystem\src\Services\Vendors\Vendors.Application\Vendors.Application.csproj", "{A4E8120D-05F3-415E-8206-F3ED40C7CEEB}"
EndProject
Project("{FAE04EC0-301F-11D3-BF4B-00C04F79EFBC}") = "Vendors.Domain", "OrderManagementSystem\src\Services\Vendors\Vendors.Domain\Vendors.Domain.csproj", "{C69874D5-203A-40E7-904E-1205D2DF9F79}"
EndProject
Project("{FAE04EC0-301F-11D3-BF4B-00C04F79EFBC}") = "Vendors.Infrastructure", "OrderManagementSystem\src\Services\Vendors\Vendors.Infrastructure\Vendors.Infrastructure.csproj", "{9C99B1BF-912D-4CC0-818C-D9F375886C87}"
EndProject
Global
	GlobalSection(SolutionConfigurationPlatforms) = preSolution
		Debug|Any CPU = Debug|Any CPU
		Debug|x64 = Debug|x64
		Debug|x86 = Debug|x86
		Release|Any CPU = Release|Any CPU
		Release|x64 = Release|x64
		Release|x86 = Release|x86
	EndGlobalSection
	GlobalSection(ProjectConfigurationPlatforms) = postSolution
		{595AF54A-CAAD-4C6E-8498-4B6D322160B5}.Debug|Any CPU.ActiveCfg = Debug|Any CPU
		{595AF54A-CAAD-4C6E-8498-4B6D322160B5}.Debug|Any CPU.Build.0 = Debug|Any CPU
		{595AF54A-CAAD-4C6E-8498-4B6D322160B5}.Debug|x64.ActiveCfg = Debug|Any CPU
		{595AF54A-CAAD-4C6E-8498-4B6D322160B5}.Debug|x64.Build.0 = Debug|Any CPU
		{595AF54A-CAAD-4C6E-8498-4B6D322160B5}.Debug|x86.ActiveCfg = Debug|Any CPU
		{595AF54A-CAAD-4C6E-8498-4B6D322160B5}.Debug|x86.Build.0 = Debug|Any CPU
		{595AF54A-CAAD-4C6E-8498-4B6D322160B5}.Release|Any CPU.ActiveCfg = Release|Any CPU
		{595AF54A-CAAD-4C6E-8498-4B6D322160B5}.Release|Any CPU.Build.0 = Release|Any CPU
		{595AF54A-CAAD-4C6E-8498-4B6D322160B5}.Release|x64.ActiveCfg = Release|Any CPU
		{595AF54A-CAAD-4C6E-8498-4B6D322160B5}.Release|x64.Build.0 = Release|Any CPU
		{595AF54A-CAAD-4C6E-8498-4B6D322160B5}.Release|x86.ActiveCfg = Release|Any CPU
		{595AF54A-CAAD-4C6E-8498-4B6D322160B5}.Release|x86.Build.0 = Release|Any CPU
		{5B84A12B-E71B-4DBC-B95E-35DBDF8D0B54}.Debug|Any CPU.ActiveCfg = Debug|Any CPU
		{5B84A12B-E71B-4DBC-B95E-35DBDF8D0B54}.Debug|Any CPU.Build.0 = Debug|Any CPU
		{5B84A12B-E71B-4DBC-B95E-35DBDF8D0B54}.Debug|x64.ActiveCfg = Debug|Any CPU
		{5B84A12B-E71B-4DBC-B95E-35DBDF8D0B54}.Debug|x64.Build.0 = Debug|Any CPU
		{5B84A12B-E71B-4DBC-B95E-35DBDF8D0B54}.Debug|x86.ActiveCfg = Debug|Any CPU
		{5B84A12B-E71B-4DBC-B95E-35DBDF8D0B54}.Debug|x86.Build.0 = Debug|Any CPU
		{5B84A12B-E71B-4DBC-B95E-35DBDF8D0B54}.Release|Any CPU.ActiveCfg = Release|Any CPU
		{5B84A12B-E71B-4DBC-B95E-35DBDF8D0B54}.Release|Any CPU.Build.0 = Release|Any CPU
		{5B84A12B-E71B-4DBC-B95E-35DBDF8D0B54}.Release|x64.ActiveCfg = Release|Any CPU
		{5B84A12B-E71B-4DBC-B95E-35DBDF8D0B54}.Release|x64.Build.0 = Release|Any CPU
		{5B84A12B-E71B-4DBC-B95E-35DBDF8D0B54}.Release|x86.ActiveCfg = Release|Any CPU
		{5B84A12B-E71B-4DBC-B95E-35DBDF8D0B54}.Release|x86.Build.0 = Release|Any CPU
		{4E55B868-398E-4B63-B291-8249509B0865}.Debug|Any CPU.ActiveCfg = Debug|Any CPU
		{4E55B868-398E-4B63-B291-8249509B0865}.Debug|Any CPU.Build.0 = Debug|Any CPU
		{4E55B868-398E-4B63-B291-8249509B0865}.Debug|x64.ActiveCfg = Debug|Any CPU
		{4E55B868-398E-4B63-B291-8249509B0865}.Debug|x64.Build.0 = Debug|Any CPU
		{4E55B868-398E-4B63-B291-8249509B0865}.Debug|x86.ActiveCfg = Debug|Any CPU
		{4E55B868-398E-4B63-B291-8249509B0865}.Debug|x86.Build.0 = Debug|Any CPU
		{4E55B868-398E-4B63-B291-8249509B0865}.Release|Any CPU.ActiveCfg = Release|Any CPU
		{4E55B868-398E-4B63-B291-8249509B0865}.Release|Any CPU.Build.0 = Release|Any CPU
		{4E55B868-398E-4B63-B291-8249509B0865}.Release|x64.ActiveCfg = Release|Any CPU
		{4E55B868-398E-4B63-B291-8249509B0865}.Release|x64.Build.0 = Release|Any CPU
		{4E55B868-398E-4B63-B291-8249509B0865}.Release|x86.ActiveCfg = Release|Any CPU
		{4E55B868-398E-4B63-B291-8249509B0865}.Release|x86.Build.0 = Release|Any CPU
		{BF3302DC-C10E-40D0-88A7-3C47CCBEA5FC}.Debug|Any CPU.ActiveCfg = Debug|Any CPU
		{BF3302DC-C10E-40D0-88A7-3C47CCBEA5FC}.Debug|Any CPU.Build.0 = Debug|Any CPU
		{BF3302DC-C10E-40D0-88A7-3C47CCBEA5FC}.Debug|x64.ActiveCfg = Debug|Any CPU
		{BF3302DC-C10E-40D0-88A7-3C47CCBEA5FC}.Debug|x64.Build.0 = Debug|Any CPU
		{BF3302DC-C10E-40D0-88A7-3C47CCBEA5FC}.Debug|x86.ActiveCfg = Debug|Any CPU
		{BF3302DC-C10E-40D0-88A7-3C47CCBEA5FC}.Debug|x86.Build.0 = Debug|Any CPU
		{BF3302DC-C10E-40D0-88A7-3C47CCBEA5FC}.Release|Any CPU.ActiveCfg = Release|Any CPU
		{BF3302DC-C10E-40D0-88A7-3C47CCBEA5FC}.Release|Any CPU.Build.0 = Release|Any CPU
		{BF3302DC-C10E-40D0-88A7-3C47CCBEA5FC}.Release|x64.ActiveCfg = Release|Any CPU
		{BF3302DC-C10E-40D0-88A7-3C47CCBEA5FC}.Release|x64.Build.0 = Release|Any CPU
		{BF3302DC-C10E-40D0-88A7-3C47CCBEA5FC}.Release|x86.ActiveCfg = Release|Any CPU
		{BF3302DC-C10E-40D0-88A7-3C47CCBEA5FC}.Release|x86.Build.0 = Release|Any CPU
		{C3CA8067-B15D-4411-9528-BC071552621E}.Debug|Any CPU.ActiveCfg = Debug|Any CPU
		{C3CA8067-B15D-4411-9528-BC071552621E}.Debug|Any CPU.Build.0 = Debug|Any CPU
		{C3CA8067-B15D-4411-9528-BC071552621E}.Debug|x64.ActiveCfg = Debug|Any CPU
		{C3CA8067-B15D-4411-9528-BC071552621E}.Debug|x64.Build.0 = Debug|Any CPU
		{C3CA8067-B15D-4411-9528-BC071552621E}.Debug|x86.ActiveCfg = Debug|Any CPU
		{C3CA8067-B15D-4411-9528-BC071552621E}.Debug|x86.Build.0 = Debug|Any CPU
		{C3CA8067-B15D-4411-9528-BC071552621E}.Release|Any CPU.ActiveCfg = Release|Any CPU
		{C3CA8067-B15D-4411-9528-BC071552621E}.Release|Any CPU.Build.0 = Release|Any CPU
		{C3CA8067-B15D-4411-9528-BC071552621E}.Release|x64.ActiveCfg = Release|Any CPU
		{C3CA8067-B15D-4411-9528-BC071552621E}.Release|x64.Build.0 = Release|Any CPU
		{C3CA8067-B15D-4411-9528-BC071552621E}.Release|x86.ActiveCfg = Release|Any CPU
		{C3CA8067-B15D-4411-9528-BC071552621E}.Release|x86.Build.0 = Release|Any CPU
		{EA792AE7-74F3-46CF-AF14-4830707113DA}.Debug|Any CPU.ActiveCfg = Debug|Any CPU
		{EA792AE7-74F3-46CF-AF14-4830707113DA}.Debug|Any CPU.Build.0 = Debug|Any CPU
		{EA792AE7-74F3-46CF-AF14-4830707113DA}.Debug|x64.ActiveCfg = Debug|Any CPU
		{EA792AE7-74F3-46CF-AF14-4830707113DA}.Debug|x64.Build.0 = Debug|Any CPU
		{EA792AE7-74F3-46CF-AF14-4830707113DA}.Debug|x86.ActiveCfg = Debug|Any CPU
		{EA792AE7-74F3-46CF-AF14-4830707113DA}.Debug|x86.Build.0 = Debug|Any CPU
		{EA792AE7-74F3-46CF-AF14-4830707113DA}.Release|Any CPU.ActiveCfg = Release|Any CPU
		{EA792AE7-74F3-46CF-AF14-4830707113DA}.Release|Any CPU.Build.0 = Release|Any CPU
		{EA792AE7-74F3-46CF-AF14-4830707113DA}.Release|x64.ActiveCfg = Release|Any CPU
		{EA792AE7-74F3-46CF-AF14-4830707113DA}.Release|x64.Build.0 = Release|Any CPU
		{EA792AE7-74F3-46CF-AF14-4830707113DA}.Release|x86.ActiveCfg = Release|Any CPU
		{EA792AE7-74F3-46CF-AF14-4830707113DA}.Release|x86.Build.0 = Release|Any CPU
		{47B3FD7A-6BA8-4ACF-8030-8A3DFFF889DA}.Debug|Any CPU.ActiveCfg = Debug|Any CPU
		{47B3FD7A-6BA8-4ACF-8030-8A3DFFF889DA}.Debug|Any CPU.Build.0 = Debug|Any CPU
		{47B3FD7A-6BA8-4ACF-8030-8A3DFFF889DA}.Debug|x64.ActiveCfg = Debug|Any CPU
		{47B3FD7A-6BA8-4ACF-8030-8A3DFFF889DA}.Debug|x64.Build.0 = Debug|Any CPU
		{47B3FD7A-6BA8-4ACF-8030-8A3DFFF889DA}.Debug|x86.ActiveCfg = Debug|Any CPU
		{47B3FD7A-6BA8-4ACF-8030-8A3DFFF889DA}.Debug|x86.Build.0 = Debug|Any CPU
		{47B3FD7A-6BA8-4ACF-8030-8A3DFFF889DA}.Release|Any CPU.ActiveCfg = Release|Any CPU
		{47B3FD7A-6BA8-4ACF-8030-8A3DFFF889DA}.Release|Any CPU.Build.0 = Release|Any CPU
		{47B3FD7A-6BA8-4ACF-8030-8A3DFFF889DA}.Release|x64.ActiveCfg = Release|Any CPU
		{47B3FD7A-6BA8-4ACF-8030-8A3DFFF889DA}.Release|x64.Build.0 = Release|Any CPU
		{47B3FD7A-6BA8-4ACF-8030-8A3DFFF889DA}.Release|x86.ActiveCfg = Release|Any CPU
		{47B3FD7A-6BA8-4ACF-8030-8A3DFFF889DA}.Release|x86.Build.0 = Release|Any CPU
		{A4E8120D-05F3-415E-8206-F3ED40C7CEEB}.Debug|Any CPU.ActiveCfg = Debug|Any CPU
		{A4E8120D-05F3-415E-8206-F3ED40C7CEEB}.Debug|Any CPU.Build.0 = Debug|Any CPU
		{A4E8120D-05F3-415E-8206-F3ED40C7CEEB}.Debug|x64.ActiveCfg = Debug|Any CPU
		{A4E8120D-05F3-415E-8206-F3ED40C7CEEB}.Debug|x64.Build.0 = Debug|Any CPU
		{A4E8120D-05F3-415E-8206-F3ED40C7CEEB}.Debug|x86.ActiveCfg = Debug|Any CPU
		{A4E8120D-05F3-415E-8206-F3ED40C7CEEB}.Debug|x86.Build.0 = Debug|Any CPU
		{A4E8120D-05F3-415E-8206-F3ED40C7CEEB}.Release|Any CPU.ActiveCfg = Release|Any CPU
		{A4E8120D-05F3-415E-8206-F3ED40C7CEEB}.Release|Any CPU.Build.0 = Release|Any CPU
		{A4E8120D-05F3-415E-8206-F3ED40C7CEEB}.Release|x64.ActiveCfg = Release|Any CPU
		{A4E8120D-05F3-415E-8206-F3ED40C7CEEB}.Release|x64.Build.0 = Release|Any CPU
		{A4E8120D-05F3-415E-8206-F3ED40C7CEEB}.Release|x86.ActiveCfg = Release|Any CPU
		{A4E8120D-05F3-415E-8206-F3ED40C7CEEB}.Release|x86.Build.0 = Release|Any CPU
		{C69874D5-203A-40E7-904E-1205D2DF9F79}.Debug|Any CPU.ActiveCfg = Debug|Any CPU
		{C69874D5-203A-40E7-904E-1205D2DF9F79}.Debug|Any CPU.Build.0 = Debug|Any CPU
		{C69874D5-203A-40E7-904E-1205D2DF9F79}.Debug|x64.ActiveCfg = Debug|Any CPU
		{C69874D5-203A-40E7-904E-1205D2DF9F79}.Debug|x64.Build.0 = Debug|Any CPU
		{C69874D5-203A-40E7-904E-1205D2DF9F79}.Debug|x86.ActiveCfg = Debug|Any CPU
		{C69874D5-203A-40E7-904E-1205D2DF9F79}.Debug|x86.Build.0 = Debug|Any CPU
		{C69874D5-203A-40E7-904E-1205D2DF9F79}.Release|Any CPU.ActiveCfg = Release|Any CPU
		{C69874D5-203A-40E7-904E-1205D2DF9F79}.Release|Any CPU.Build.0 = Release|Any CPU
		{C69874D5-203A-40E7-904E-1205D2DF9F79}.Release|x64.ActiveCfg = Release|Any CPU
		{C69874D5-203A-40E7-904E-1205D2DF9F79}.Release|x64.Build.0 = Release|Any CPU
		{C69874D5-203A-40E7-904E-1205D2DF9F79}.Release|x86.ActiveCfg = Release|Any CPU
		{C69874D5-203A-40E7-904E-1205D2DF9F79}.Release|x86.Build.0 = Release|Any CPU
		{9C99B1BF-912D-4CC0-818C-D9F375886C87}.Debug|Any CPU.ActiveCfg = Debug|Any CPU
		{9C99B1BF-912D-4CC0-818C-D9F375886C87}.Debug|Any CPU.Build.0 = Debug|Any CPU
		{9C99B1BF-912D-4CC0-818C-D9F375886C87}.Debug|x64.ActiveCfg = Debug|Any CPU
		{9C99B1BF-912D-4CC0-818C-D9F375886C87}.Debug|x64.Build.0 = Debug|Any CPU
		{9C99B1BF-912D-4CC0-818C-D9F375886C87}.Debug|x86.ActiveCfg = Debug|Any CPU
		{9C99B1BF-912D-4CC0-818C-D9F375886C87}.Debug|x86.Build.0 = Debug|Any CPU
		{9C99B1BF-912D-4CC0-818C-D9F375886C87}.Release|Any CPU.ActiveCfg = Release|Any CPU
		{9C99B1BF-912D-4CC0-818C-D9F375886C87}.Release|Any CPU.Build.0 = Release|Any CPU
		{9C99B1BF-912D-4CC0-818C-D9F375886C87}.Release|x64.ActiveCfg = Release|Any CPU
		{9C99B1BF-912D-4CC0-818C-D9F375886C87}.Release|x64.Build.0 = Release|Any CPU
		{9C99B1BF-912D-4CC0-818C-D9F375886C87}.Release|x86.ActiveCfg = Release|Any CPU
		{9C99B1BF-912D-4CC0-818C-D9F375886C87}.Release|x86.Build.0 = Release|Any CPU
	EndGlobalSection
	GlobalSection(SolutionProperties) = preSolution
		HideSolutionNode = FALSE
	EndGlobalSection
	GlobalSection(NestedProjects) = preSolution
		{D776A31B-0353-9CD7-D744-799435EC09C8} = {B17B32BC-7269-C9D7-F62C-A1E0524737C2}
		{0C405BEF-B932-CC0A-C300-5B5D36380875} = {D776A31B-0353-9CD7-D744-799435EC09C8}
		{595AF54A-CAAD-4C6E-8498-4B6D322160B5} = {0C405BEF-B932-CC0A-C300-5B5D36380875}
		{5B84A12B-E71B-4DBC-B95E-35DBDF8D0B54} = {0C405BEF-B932-CC0A-C300-5B5D36380875}
		{5E65C538-1F1D-38C1-B5D1-8DE9D5578C7A} = {D776A31B-0353-9CD7-D744-799435EC09C8}
		{F86AFBBC-D607-3EF3-A1B0-61330C6A7F38} = {5E65C538-1F1D-38C1-B5D1-8DE9D5578C7A}
		{4E55B868-398E-4B63-B291-8249509B0865} = {F86AFBBC-D607-3EF3-A1B0-61330C6A7F38}
		{BF3302DC-C10E-40D0-88A7-3C47CCBEA5FC} = {F86AFBBC-D607-3EF3-A1B0-61330C6A7F38}
		{C3CA8067-B15D-4411-9528-BC071552621E} = {F86AFBBC-D607-3EF3-A1B0-61330C6A7F38}
		{EA792AE7-74F3-46CF-AF14-4830707113DA} = {F86AFBBC-D607-3EF3-A1B0-61330C6A7F38}
		{074227CD-AE11-5D4C-70DC-F67EAF23863E} = {5E65C538-1F1D-38C1-B5D1-8DE9D5578C7A}
		{47B3FD7A-6BA8-4ACF-8030-8A3DFFF889DA} = {074227CD-AE11-5D4C-70DC-F67EAF23863E}
		{A4E8120D-05F3-415E-8206-F3ED40C7CEEB} = {074227CD-AE11-5D4C-70DC-F67EAF23863E}
		{C69874D5-203A-40E7-904E-1205D2DF9F79} = {074227CD-AE11-5D4C-70DC-F67EAF23863E}
		{9C99B1BF-912D-4CC0-818C-D9F375886C87} = {074227CD-AE11-5D4C-70DC-F67EAF23863E}
	EndGlobalSection
EndGlobal
