Microsoft Visual Studio Solution File, Format Version 12.00
# Visual Studio Version 17
VisualStudioVersion = 17.5.2.0
MinimumVisualStudioVersion = 10.0.40219.1
Project("{2150E333-8FDC-42A3-9474-1A3956D46DE8}") = "src", "src", "{827E0CD3-B72D-47B6-A68D-7590B98EB39B}"
EndProject
Project("{2150E333-8FDC-42A3-9474-1A3956D46DE8}") = "BuildingBlocks", "BuildingBlocks", "{90298CBA-BD6F-3A0A-69D5-97CAD7B05E7E}"
EndProject
Project("{FAE04EC0-301F-11D3-BF4B-00C04F79EFBC}") = "Common", "src\BuildingBlocks\Common\Common.csproj", "{ABC56959-DC04-8E18-CA87-738502E38342}"
EndProject
Project("{FAE04EC0-301F-11D3-BF4B-00C04F79EFBC}") = "EventBus", "src\BuildingBlocks\EventBus\EventBus.csproj", "{7549A286-2EA8-CEA3-E9A8-EDAFEFEB49AD}"
EndProject
Project("{2150E333-8FDC-42A3-9474-1A3956D46DE8}") = "Services", "Services", "{984BB9B3-3FA3-BE33-9484-CAC21695A33C}"
EndProject
Project("{2150E333-8FDC-42A3-9474-1A3956D46DE8}") = "Orders", "Orders", "{53A5E032-9A5F-5C5F-4C24-3FD98F4CF9B3}"
EndProject
Project("{FAE04EC0-301F-11D3-BF4B-00C04F79EFBC}") = "Orders.Api", "src\Services\Orders\Orders.Api\Orders.Api.csproj", "{87EBD7E8-89B8-6F33-473F-7E8B91A39AD0}"
EndProject
Project("{FAE04EC0-301F-11D3-BF4B-00C04F79EFBC}") = "Orders.Application", "src\Services\Orders\Orders.Application\Orders.Application.csproj", "{21C1BB55-4206-AE01-8C6A-94AF73441401}"
EndProject
Project("{FAE04EC0-301F-11D3-BF4B-00C04F79EFBC}") = "Orders.Domain", "src\Services\Orders\Orders.Domain\Orders.Domain.csproj", "{5B3648E1-2486-72CB-3525-0B281A8583A8}"
EndProject
Project("{FAE04EC0-301F-11D3-BF4B-00C04F79EFBC}") = "Orders.Infrastructure", "src\Services\Orders\Orders.Infrastructure\Orders.Infrastructure.csproj", "{773B1837-A87B-64C0-7BF0-F56BF39AC9C5}"
EndProject
Project("{2150E333-8FDC-42A3-9474-1A3956D46DE8}") = "Vendors", "Vendors", "{39DC67CF-AF7A-3E10-CAF3-13F776ECFC79}"
EndProject
Project("{FAE04EC0-301F-11D3-BF4B-00C04F79EFBC}") = "Vendors.Api", "src\Services\Vendors\Vendors.Api\Vendors.Api.csproj", "{C710EBA8-6C6D-D43A-C6B8-D89B865063CE}"
EndProject
Project("{FAE04EC0-301F-11D3-BF4B-00C04F79EFBC}") = "Vendors.Application", "src\Services\Vendors\Vendors.Application\Vendors.Application.csproj", "{574F53C4-3323-BD15-F755-01A47DB0F473}"
EndProject
Project("{FAE04EC0-301F-11D3-BF4B-00C04F79EFBC}") = "Vendors.Domain", "src\Services\Vendors\Vendors.Domain\Vendors.Domain.csproj", "{BAB2B0C4-5DC0-96A8-87C6-605F8ED013E3}"
EndProject
Project("{FAE04EC0-301F-11D3-BF4B-00C04F79EFBC}") = "Vendors.Infrastructure", "src\Services\Vendors\Vendors.Infrastructure\Vendors.Infrastructure.csproj", "{B6DC2FDC-17DD-ABAD-BA7A-048C10380754}"
EndProject
Global
	GlobalSection(SolutionConfigurationPlatforms) = preSolution
		Debug|Any CPU = Debug|Any CPU
		Release|Any CPU = Release|Any CPU
	EndGlobalSection
	GlobalSection(ProjectConfigurationPlatforms) = postSolution
		{ABC56959-DC04-8E18-CA87-738502E38342}.Debug|Any CPU.ActiveCfg = Debug|Any CPU
		{ABC56959-DC04-8E18-CA87-738502E38342}.Debug|Any CPU.Build.0 = Debug|Any CPU
		{ABC56959-DC04-8E18-CA87-738502E38342}.Release|Any CPU.ActiveCfg = Release|Any CPU
		{ABC56959-DC04-8E18-CA87-738502E38342}.Release|Any CPU.Build.0 = Release|Any CPU
		{7549A286-2EA8-CEA3-E9A8-EDAFEFEB49AD}.Debug|Any CPU.ActiveCfg = Debug|Any CPU
		{7549A286-2EA8-CEA3-E9A8-EDAFEFEB49AD}.Debug|Any CPU.Build.0 = Debug|Any CPU
		{7549A286-2EA8-CEA3-E9A8-EDAFEFEB49AD}.Release|Any CPU.ActiveCfg = Release|Any CPU
		{7549A286-2EA8-CEA3-E9A8-EDAFEFEB49AD}.Release|Any CPU.Build.0 = Release|Any CPU
		{87EBD7E8-89B8-6F33-473F-7E8B91A39AD0}.Debug|Any CPU.ActiveCfg = Debug|Any CPU
		{87EBD7E8-89B8-6F33-473F-7E8B91A39AD0}.Debug|Any CPU.Build.0 = Debug|Any CPU
		{87EBD7E8-89B8-6F33-473F-7E8B91A39AD0}.Release|Any CPU.ActiveCfg = Release|Any CPU
		{87EBD7E8-89B8-6F33-473F-7E8B91A39AD0}.Release|Any CPU.Build.0 = Release|Any CPU
		{21C1BB55-4206-AE01-8C6A-94AF73441401}.Debug|Any CPU.ActiveCfg = Debug|Any CPU
		{21C1BB55-4206-AE01-8C6A-94AF73441401}.Debug|Any CPU.Build.0 = Debug|Any CPU
		{21C1BB55-4206-AE01-8C6A-94AF73441401}.Release|Any CPU.ActiveCfg = Release|Any CPU
		{21C1BB55-4206-AE01-8C6A-94AF73441401}.Release|Any CPU.Build.0 = Release|Any CPU
		{5B3648E1-2486-72CB-3525-0B281A8583A8}.Debug|Any CPU.ActiveCfg = Debug|Any CPU
		{5B3648E1-2486-72CB-3525-0B281A8583A8}.Debug|Any CPU.Build.0 = Debug|Any CPU
		{5B3648E1-2486-72CB-3525-0B281A8583A8}.Release|Any CPU.ActiveCfg = Release|Any CPU
		{5B3648E1-2486-72CB-3525-0B281A8583A8}.Release|Any CPU.Build.0 = Release|Any CPU
		{773B1837-A87B-64C0-7BF0-F56BF39AC9C5}.Debug|Any CPU.ActiveCfg = Debug|Any CPU
		{773B1837-A87B-64C0-7BF0-F56BF39AC9C5}.Debug|Any CPU.Build.0 = Debug|Any CPU
		{773B1837-A87B-64C0-7BF0-F56BF39AC9C5}.Release|Any CPU.ActiveCfg = Release|Any CPU
		{773B1837-A87B-64C0-7BF0-F56BF39AC9C5}.Release|Any CPU.Build.0 = Release|Any CPU
		{C710EBA8-6C6D-D43A-C6B8-D89B865063CE}.Debug|Any CPU.ActiveCfg = Debug|Any CPU
		{C710EBA8-6C6D-D43A-C6B8-D89B865063CE}.Debug|Any CPU.Build.0 = Debug|Any CPU
		{C710EBA8-6C6D-D43A-C6B8-D89B865063CE}.Release|Any CPU.ActiveCfg = Release|Any CPU
		{C710EBA8-6C6D-D43A-C6B8-D89B865063CE}.Release|Any CPU.Build.0 = Release|Any CPU
		{574F53C4-3323-BD15-F755-01A47DB0F473}.Debug|Any CPU.ActiveCfg = Debug|Any CPU
		{574F53C4-3323-BD15-F755-01A47DB0F473}.Debug|Any CPU.Build.0 = Debug|Any CPU
		{574F53C4-3323-BD15-F755-01A47DB0F473}.Release|Any CPU.ActiveCfg = Release|Any CPU
		{574F53C4-3323-BD15-F755-01A47DB0F473}.Release|Any CPU.Build.0 = Release|Any CPU
		{BAB2B0C4-5DC0-96A8-87C6-605F8ED013E3}.Debug|Any CPU.ActiveCfg = Debug|Any CPU
		{BAB2B0C4-5DC0-96A8-87C6-605F8ED013E3}.Debug|Any CPU.Build.0 = Debug|Any CPU
		{BAB2B0C4-5DC0-96A8-87C6-605F8ED013E3}.Release|Any CPU.ActiveCfg = Release|Any CPU
		{BAB2B0C4-5DC0-96A8-87C6-605F8ED013E3}.Release|Any CPU.Build.0 = Release|Any CPU
		{B6DC2FDC-17DD-ABAD-BA7A-048C10380754}.Debug|Any CPU.ActiveCfg = Debug|Any CPU
		{B6DC2FDC-17DD-ABAD-BA7A-048C10380754}.Debug|Any CPU.Build.0 = Debug|Any CPU
		{B6DC2FDC-17DD-ABAD-BA7A-048C10380754}.Release|Any CPU.ActiveCfg = Release|Any CPU
		{B6DC2FDC-17DD-ABAD-BA7A-048C10380754}.Release|Any CPU.Build.0 = Release|Any CPU
	EndGlobalSection
	GlobalSection(SolutionProperties) = preSolution
		HideSolutionNode = FALSE
	EndGlobalSection
	GlobalSection(NestedProjects) = preSolution
		{90298CBA-BD6F-3A0A-69D5-97CAD7B05E7E} = {827E0CD3-B72D-47B6-A68D-7590B98EB39B}
		{ABC56959-DC04-8E18-CA87-738502E38342} = {90298CBA-BD6F-3A0A-69D5-97CAD7B05E7E}
		{7549A286-2EA8-CEA3-E9A8-EDAFEFEB49AD} = {90298CBA-BD6F-3A0A-69D5-97CAD7B05E7E}
		{984BB9B3-3FA3-BE33-9484-CAC21695A33C} = {827E0CD3-B72D-47B6-A68D-7590B98EB39B}
		{53A5E032-9A5F-5C5F-4C24-3FD98F4CF9B3} = {984BB9B3-3FA3-BE33-9484-CAC21695A33C}
		{87EBD7E8-89B8-6F33-473F-7E8B91A39AD0} = {53A5E032-9A5F-5C5F-4C24-3FD98F4CF9B3}
		{21C1BB55-4206-AE01-8C6A-94AF73441401} = {53A5E032-9A5F-5C5F-4C24-3FD98F4CF9B3}
		{5B3648E1-2486-72CB-3525-0B281A8583A8} = {53A5E032-9A5F-5C5F-4C24-3FD98F4CF9B3}
		{773B1837-A87B-64C0-7BF0-F56BF39AC9C5} = {53A5E032-9A5F-5C5F-4C24-3FD98F4CF9B3}
		{39DC67CF-AF7A-3E10-CAF3-13F776ECFC79} = {984BB9B3-3FA3-BE33-9484-CAC21695A33C}
		{C710EBA8-6C6D-D43A-C6B8-D89B865063CE} = {39DC67CF-AF7A-3E10-CAF3-13F776ECFC79}
		{574F53C4-3323-BD15-F755-01A47DB0F473} = {39DC67CF-AF7A-3E10-CAF3-13F776ECFC79}
		{BAB2B0C4-5DC0-96A8-87C6-605F8ED013E3} = {39DC67CF-AF7A-3E10-CAF3-13F776ECFC79}
		{B6DC2FDC-17DD-ABAD-BA7A-048C10380754} = {39DC67CF-AF7A-3E10-CAF3-13F776ECFC79}
	EndGlobalSection
	GlobalSection(ExtensibilityGlobals) = postSolution
		SolutionGuid = {A5499703-0287-4AEF-83C0-FF1884E0DBBF}
	EndGlobalSection
EndGlobal
